schema: '2.0'
stages:
  data_collection:
    cmd: python src/data/data_collection.py
    deps:
    - path: src/data/data_collection.py
      hash: md5
      md5: e914305149c2f87fb265ea15344e6794
      size: 2459
    outs:
    - path: data/raw
      hash: md5
      md5: c0c2d65c14a603e91e029fda3c344a5c.dir
      size: 522262
      nfiles: 2
  pre_processing:
    cmd: python src/data/data_prep.py
    deps:
    - path: data/raw
      hash: md5
      md5: c0c2d65c14a603e91e029fda3c344a5c.dir
      size: 522262
      nfiles: 2
    - path: src/data/data_prep.py
      hash: md5
      md5: fe2612d1f7da043170a7cc566888ed21
      size: 2147
    outs:
    - path: data/processed
      hash: md5
      md5: e34c84b2d0f2a75442271cd6c5779b7c.dir
      size: 546895
      nfiles: 2
  model_building:
    cmd: python src/model/model_building.py
    deps:
    - path: data/processed
      hash: md5
      md5: e34c84b2d0f2a75442271cd6c5779b7c.dir
      size: 546895
      nfiles: 2
    - path: src/model/model_building.py
      hash: md5
      md5: b945a052866671f7e6ef4a9f06b5f363
      size: 2981
    outs:
    - path: models/model.pkl
      hash: md5
      md5: 8c8c330a12af6f2bd6154baea0da0c2c
      size: 73530468
  model_eval:
    cmd: python src/model/model_eval.py
    deps:
    - path: models/model.pkl
      hash: md5
      md5: 8c8c330a12af6f2bd6154baea0da0c2c
      size: 73530468
    - path: src/model/model_eval.py
      hash: md5
      md5: 328096a3fe1dc86550cd2c97143f37bd
      size: 4750
    outs:
    - path: reports/metrics.json
      hash: md5
      md5: 1064134e5b31ffafa5df778843a99de6
      size: 145
